{
  "nodes": {
    "fenix": {
      "inputs": {
        "nixpkgs": "nixpkgs",
        "rust-analyzer-src": "rust-analyzer-src"
      },
      "locked": {
        "lastModified": 1722666539,
        "narHash": "sha256-3v7m4hrV5kJjlV+0cCNnwOMDipnL5u9WDtDm38ySfl8=",
        "owner": "nix-community",
        "repo": "fenix",
        "rev": "69c2c0c3c2f56314966dae21d79274515b228482",
        "type": "github"
      },
      "original": {
        "id": "fenix",
        "type": "indirect"
      }
    },
    "freenginx-src": {
      "flake": false,
      "locked": {
        "lastModified": 1722437458,
        "narHash": "sha256-7nkrz2gEBANbslzb+2Htfm8+EJr4EeHzGUXMiWWGIyw=",
        "owner": "freenginx",
        "repo": "nginx",
        "rev": "5888358d14def3280d392750244fcc39457a592f",
        "type": "github"
      },
      "original": {
        "owner": "freenginx",
        "repo": "nginx",
        "type": "github"
      }
    },
    "nixpkgs": {
      "locked": {
        "lastModified": 1722421184,
        "narHash": "sha256-/DJBI6trCeVnasdjUo9pbnodCLZcFqnVZiLUfqLH4jA=",
        "owner": "nixos",
        "repo": "nixpkgs",
        "rev": "9f918d616c5321ad374ae6cb5ea89c9e04bf3e58",
        "type": "github"
      },
      "original": {
        "owner": "nixos",
        "ref": "nixos-unstable",
        "repo": "nixpkgs",
        "type": "github"
      }
    },
    "nixpkgs_2": {
      "locked": {
        "lastModified": 1722741033,
        "narHash": "sha256-VxKxJglFmZZUiHsdjYQRMVc1wsIj51+D0XEB2WtaRUo=",
        "owner": "nixos",
        "repo": "nixpkgs",
        "rev": "9a57b1993900b717665cba00a23151c499719f6f",
        "type": "github"
      },
      "original": {
        "owner": "nixos",
        "ref": "pull/332153/head",
        "repo": "nixpkgs",
        "type": "github"
      }
    },
    "root": {
      "inputs": {
        "fenix": "fenix",
        "freenginx-src": "freenginx-src",
        "nixpkgs": "nixpkgs_2"
      }
    },
    "rust-analyzer-src": {
      "flake": false,
      "locked": {
        "lastModified": 1722337341,
        "narHash": "sha256-Myc+UnbLDQccueeO1q5CF0sNiGebQo1N+cdOpDMhNsg=",
        "owner": "rust-lang",
        "repo": "rust-analyzer",
        "rev": "4feec4b0c1d5aad7aba34e0397fe7bd984c9a634",
        "type": "github"
      },
      "original": {
        "owner": "rust-lang",
        "ref": "nightly",
        "repo": "rust-analyzer",
        "type": "github"
      }
    }
  },
  "root": "root",
  "version": 7
}
